<?xml version="1.0" encoding="UTF-8" standalone="yes" ?>
<CodeBlocks_project_file>
	<FileVersion major="1" minor="6" />
	<Project>
		<Option title="gdeliverd" />
		<Option makefile="DCMakefile" />
		<Option makefile_is_custom="1" />
		<Option pch_mode="2" />
		<Option compiler="gcc" />
		<MakeCommands>
			<Build command="$make -f $makefile" />
			<CompileFile command="$make -f $makefile $file" />
			<Clean command="$make -f $makefile clean" />
			<DistClean command="$make -f $makefile distclean$target" />
			<AskRebuildNeeded command="$make -q -f $makefile" />
			<SilentBuild command="$make -f $makefile &gt; $(CMD_NULL)" />
		</MakeCommands>
		<Build>
			<Target title="Debug">
				<Option output="gdeliverd" prefix_auto="1" extension_auto="1" />
				<Option object_output="obj/Debug/" />
				<Option type="1" />
				<Option compiler="gcc" />
				<Option parameters="gdeliverd.conf" />
				<Compiler>
					<Add option="-g" />
				</Compiler>
				<MakeCommands>
					<Build command="$make -f $makefile" />
					<CompileFile command="$make -f $makefile $file" />
					<Clean command="$make -f $makefile clean" />
					<DistClean command="$make -f $makefile distclean$target" />
					<AskRebuildNeeded command="$make -q -f $makefile" />
					<SilentBuild command="$make -f $makefile &gt; $(CMD_NULL)" />
				</MakeCommands>
			</Target>
			<Target title="Release">
				<Option output="gdeliverd" prefix_auto="1" extension_auto="1" />
				<Option object_output="obj/Release/" />
				<Option type="1" />
				<Option compiler="gcc" />
				<Option parameters="gdeliverd.conf" />
				<Compiler>
					<Add option="-O2" />
				</Compiler>
				<Linker>
					<Add option="-s" />
				</Linker>
				<MakeCommands>
					<Build command="$make -f $makefile" />
					<CompileFile command="$make -f $makefile $file" />
					<Clean command="$make -f $makefile clean" />
					<DistClean command="$make -f $makefile distclean$target" />
					<AskRebuildNeeded command="$make -q -f $makefile" />
					<SilentBuild command="$make -f $makefile &gt; $(CMD_NULL)" />
				</MakeCommands>
			</Target>
		</Build>
		<Compiler>
			<Add option="-Wall" />
		</Compiler>
		<Unit filename="AuAnyClient.cpp" />
		<Unit filename="AuAnyClient.hpp" />
		<Unit filename="AuthClient.cpp" />
		<Unit filename="AuthClient.hpp" />
		<Unit filename="CrossClient.cpp" />
		<Unit filename="CrossClient.hpp" />
		<Unit filename="CrossServer.cpp" />
		<Unit filename="CrossServer.hpp" />
		<Unit filename="DCMakefile" />
		<Unit filename="DeliverServer.cpp" />
		<Unit filename="DeliverServer.hpp" />
		<Unit filename="GameDBServer.cpp" />
		<Unit filename="GameDBServer.hpp" />
		<Unit filename="IMClient.cpp" />
		<Unit filename="IMClient.hpp" />
		<Unit filename="Makefile" />
		<Unit filename="MakefileWithAU" />
		<Unit filename="SNSClient.cpp" />
		<Unit filename="SNSClient.hpp" />
		<Unit filename="TradeClient.cpp" />
		<Unit filename="TradeClient.hpp" />
		<Unit filename="cert.cpp" />
		<Unit filename="cert.hpp" />
		<Unit filename="commonhelper.hpp" />
		<Unit filename="cross/AnnounceZoneidToCross.hpp" />
		<Unit filename="cross/AnnounceZoneidToCross_Re.hpp" />
		<Unit filename="cross/BroadcastCrossStatus.hpp" />
		<Unit filename="cross/BroadcastCrossStatus_Re.hpp" />
		<Unit filename="cross/BroadcastData.hpp" />
		<Unit filename="cross/CommonDataTransfer.hpp" />
		<Unit filename="cross/Constants.hpp" />
		<Unit filename="cross/SendUserInfoAndTicket.hpp" />
		<Unit filename="cross/SendUserInfoAndTicket_Re.hpp" />
		<Unit filename="cross/UserDataTransfer.hpp" />
		<Unit filename="crossbroadcast.hpp" />
		<Unit filename="crossdata.hpp" />
		<Unit filename="forcelogin.h" />
		<Unit filename="gdeliverd.conf" />
		<Unit filename="gdeliverd.cpp" />
		<Unit filename="gmcontainer.h" />
		<Unit filename="gnet/AU2Game.hpp" />
		<Unit filename="gnet/AddCash.hpp" />
		<Unit filename="gnet/AddCash_Re.hpp" />
		<Unit filename="gnet/AddictionControl.hpp" />
		<Unit filename="gnet/AddictionControlRep.hpp" />
		<Unit filename="gnet/AnnounceForbidInfo.hpp" />
		<Unit filename="gnet/AnnounceServerAttribute.hpp" />
		<Unit filename="gnet/AnnounceZoneid2.hpp" />
		<Unit filename="gnet/AnnounceZoneid3.hpp" />
		<Unit filename="gnet/AuGameKeepAlive.hpp" />
		<Unit filename="gnet/AuthdVersion.hpp" />
		<Unit filename="gnet/CertAnswer.hpp" />
		<Unit filename="gnet/CertFinish.hpp" />
		<Unit filename="gnet/CertKey.hpp" />
		<Unit filename="gnet/CertRequest.hpp" />
		<Unit filename="gnet/CertVerify.hpp" />
		<Unit filename="gnet/Constants.hpp" />
		<Unit filename="gnet/CouponExchange.hpp" />
		<Unit filename="gnet/CouponExchangeRep.hpp" />
		<Unit filename="gnet/CouponExchangeReq.hpp" />
		<Unit filename="gnet/DeliverAnnounceToLink.hpp" />
		<Unit filename="gnet/DiscountAnnounce.hpp" />
		<Unit filename="gnet/ErrorInfoRep.hpp" />
		<Unit filename="gnet/ForceLoginRep.hpp" />
		<Unit filename="gnet/ForceLoginReq.hpp" />
		<Unit filename="gnet/GMKickoutUser.hpp" />
		<Unit filename="gnet/GMKickoutUser_Re.hpp" />
		<Unit filename="gnet/GMShutup.hpp" />
		<Unit filename="gnet/GMShutup_Re.hpp" />
		<Unit filename="gnet/Game2AU.hpp" />
		<Unit filename="gnet/GameDataTransferByAU.hpp" />
		<Unit filename="gnet/GetAddCashSN.hpp" />
		<Unit filename="gnet/GetAddCashSN2.hpp" />
		<Unit filename="gnet/GetAddCashSN2Rep.hpp" />
		<Unit filename="gnet/GetAddCashSN2Req.hpp" />
		<Unit filename="gnet/GetAddCashSNRep.hpp" />
		<Unit filename="gnet/GetAddCashSNReq.hpp" />
		<Unit filename="gnet/GetMaxOnlineNum.hpp" />
		<Unit filename="gnet/GetUserCoupon.hpp" />
		<Unit filename="gnet/GetUserCouponRep.hpp" />
		<Unit filename="gnet/GetUserCouponReq.hpp" />
		<Unit filename="gnet/GetUserNickName.hpp" />
		<Unit filename="gnet/GetUserNickNameRep.hpp" />
		<Unit filename="gnet/GetUserNickNameReq.hpp" />
		<Unit filename="gnet/InstantAddCash.hpp" />
		<Unit filename="gnet/InstantAddCashRep.hpp" />
		<Unit filename="gnet/InstantAddCashReq.hpp" />
		<Unit filename="gnet/KickoutUser.hpp" />
		<Unit filename="gnet/MatrixFailure.hpp" />
		<Unit filename="gnet/MatrixPasswd.hpp" />
		<Unit filename="gnet/MatrixPasswd2.hpp" />
		<Unit filename="gnet/MatrixPasswdRep.hpp" />
		<Unit filename="gnet/MatrixPasswdReq.hpp" />
		<Unit filename="gnet/MatrixResponseRep.hpp" />
		<Unit filename="gnet/MatrixResponseReq.hpp" />
		<Unit filename="gnet/NetBarAnnounce.hpp" />
		<Unit filename="gnet/OnlineAnnounce.hpp" />
		<Unit filename="gnet/PWPasswordCheck.h" />
		<Unit filename="gnet/PassportGetRoleList.hpp" />
		<Unit filename="gnet/PassportGetRoleListRep.hpp" />
		<Unit filename="gnet/PassportGetRoleListReq.hpp" />
		<Unit filename="gnet/QueryUserForbid_Re.hpp" />
		<Unit filename="gnet/QueryUserPrivilege3.hpp" />
		<Unit filename="gnet/QueryUserPrivilege3_Re.hpp" />
		<Unit filename="gnet/QueryUserid2.hpp" />
		<Unit filename="gnet/QueryUserid2Rep.hpp" />
		<Unit filename="gnet/QueryUserid2Req.hpp" />
		<Unit filename="gnet/SSOGetTicketRep.hpp" />
		<Unit filename="gnet/SSOGetTicketReq.hpp" />
		<Unit filename="gnet/SetMaxOnlineNum.hpp" />
		<Unit filename="gnet/SetServerAttr.hpp" />
		<Unit filename="gnet/SetUserNickName.hpp" />
		<Unit filename="gnet/SetUserNickNameRep.hpp" />
		<Unit filename="gnet/SetUserNickNameReq.hpp" />
		<Unit filename="gnet/StatusAnnounce.hpp" />
		<Unit filename="gnet/SysSendMail.hpp" />
		<Unit filename="gnet/SysSendMail2.hpp" />
		<Unit filename="gnet/SysSendMail2_Re.hpp" />
		<Unit filename="gnet/SysSendMail3.hpp" />
		<Unit filename="gnet/SysSendMail3_Re.hpp" />
		<Unit filename="gnet/SysSendMail4.hpp" />
		<Unit filename="gnet/SysSendMail4_Re.hpp" />
		<Unit filename="gnet/SysSendMail_Re.hpp" />
		<Unit filename="gnet/UserInfoRep.hpp" />
		<Unit filename="gnet/UserInfoReq.hpp" />
		<Unit filename="gnet/UserLogin.hpp" />
		<Unit filename="gnet/UserLogin2.hpp" />
		<Unit filename="gnet/UserLoginRep.hpp" />
		<Unit filename="gnet/UserLoginReq.hpp" />
		<Unit filename="gnet/UserLogout.hpp" />
		<Unit filename="gnet/VIPAnnounce.hpp" />
		<Unit filename="gnet/VerifyMaster2.hpp" />
		<Unit filename="gnet/VerifyMaster2_Re.hpp" />
		<Unit filename="gnet/cardchecker.h" />
		<Unit filename="gnet/matrixchecker.h" />
		<Unit filename="gnet/mobilechecker.h" />
		<Unit filename="gnet/phonetokenchecker.h" />
		<Unit filename="hashstring.h" />
		<Unit filename="keepalive.h" />
		<Unit filename="locojoyca.h" />
		<Unit filename="mapforbid.h" />
		<Unit filename="mapgameattr.h" />
		<Unit filename="mappasswd.h" />
		<Unit filename="mapphonetoken.h" />
		<Unit filename="mapusbkey.h" />
		<Unit filename="mapusertype.h" />
		<Unit filename="mysqlppconn.cpp" />
		<Unit filename="mysqlppconn.h" />
		<Unit filename="netplayer.h" />
		<Unit filename="openau/AuAnyLogin.hpp" />
		<Unit filename="openau/DataBetweenAuAnyAndClient.hpp" />
		<Unit filename="openau/DataBetweenAuAnyAndGS.hpp" />
		<Unit filename="openau/QueryOrderRequest.hpp" />
		<Unit filename="openau/QueryOrderResponse.hpp" />
		<Unit filename="openau/RegistGameServerRequest.hpp" />
		<Unit filename="openau/RegistGameServerResponse.hpp" />
		<Unit filename="openau/ServerIDResponse.hpp" />
		<Unit filename="protocols.hpp" />
		<Unit filename="rpcgen.cpp" />
		<Unit filename="rpcgen.hpp" />
		<Unit filename="rpcgen/cross/AnnounceZoneidToCross.inc" />
		<Unit filename="rpcgen/cross/AnnounceZoneidToCross_Re.inc" />
		<Unit filename="rpcgen/cross/BroadcastCrossStatus.inc" />
		<Unit filename="rpcgen/cross/BroadcastCrossStatus_Re.inc" />
		<Unit filename="rpcgen/cross/BroadcastData.inc" />
		<Unit filename="rpcgen/cross/CommonDataTransfer.inc" />
		<Unit filename="rpcgen/cross/SendUserInfoAndTicket.inc" />
		<Unit filename="rpcgen/cross/SendUserInfoAndTicket_Re.inc" />
		<Unit filename="rpcgen/cross/ServerInfo.hpp" />
		<Unit filename="rpcgen/cross/UserDataTransfer.inc" />
		<Unit filename="rpcgen/cross/UserInfo.hpp" />
		<Unit filename="rpcgen/cross/_depends_AnnounceZoneidToCross_.hpp" />
		<Unit filename="rpcgen/cross/_depends_AnnounceZoneidToCross_Re_.hpp" />
		<Unit filename="rpcgen/cross/_depends_BroadcastCrossStatus_.hpp" />
		<Unit filename="rpcgen/cross/_depends_BroadcastCrossStatus_Re_.hpp" />
		<Unit filename="rpcgen/cross/_depends_BroadcastData_.hpp" />
		<Unit filename="rpcgen/cross/_depends_CommonDataTransfer_.hpp" />
		<Unit filename="rpcgen/cross/_depends_SendUserInfoAndTicket_.hpp" />
		<Unit filename="rpcgen/cross/_depends_SendUserInfoAndTicket_Re_.hpp" />
		<Unit filename="rpcgen/cross/_depends_UserDataTransfer_.hpp" />
		<Unit filename="rpcgen/cross/_protocols_.hpp" />
		<Unit filename="rpcgen/gnet/AU2Game.inc" />
		<Unit filename="rpcgen/gnet/AddCash.inc" />
		<Unit filename="rpcgen/gnet/AddCash_Re.inc" />
		<Unit filename="rpcgen/gnet/AddictionControl.inc" />
		<Unit filename="rpcgen/gnet/AddictionControlRep.inc" />
		<Unit filename="rpcgen/gnet/AnnounceForbidInfo.inc" />
		<Unit filename="rpcgen/gnet/AnnounceServerAttribute.inc" />
		<Unit filename="rpcgen/gnet/AnnounceZoneid2.inc" />
		<Unit filename="rpcgen/gnet/AnnounceZoneid3.inc" />
		<Unit filename="rpcgen/gnet/AuGameKeepAlive.inc" />
		<Unit filename="rpcgen/gnet/AuthdVersion.inc" />
		<Unit filename="rpcgen/gnet/CertAnswer.inc" />
		<Unit filename="rpcgen/gnet/CertFinish.inc" />
		<Unit filename="rpcgen/gnet/CertKey.inc" />
		<Unit filename="rpcgen/gnet/CertRequest.inc" />
		<Unit filename="rpcgen/gnet/CertVerify.inc" />
		<Unit filename="rpcgen/gnet/CouponExchange.inc" />
		<Unit filename="rpcgen/gnet/CouponExchangeArg.hpp" />
		<Unit filename="rpcgen/gnet/CouponExchangeRep.inc" />
		<Unit filename="rpcgen/gnet/CouponExchangeReq.inc" />
		<Unit filename="rpcgen/gnet/CouponExchangeRes.hpp" />
		<Unit filename="rpcgen/gnet/DeliverAnnounceToLink.inc" />
		<Unit filename="rpcgen/gnet/DiscountAnnounce.inc" />
		<Unit filename="rpcgen/gnet/DiscountGrade.hpp" />
		<Unit filename="rpcgen/gnet/ErrorInfoRep.inc" />
		<Unit filename="rpcgen/gnet/ForceLoginRep.inc" />
		<Unit filename="rpcgen/gnet/ForceLoginReq.inc" />
		<Unit filename="rpcgen/gnet/FunctionInfo.hpp" />
		<Unit filename="rpcgen/gnet/GMKickoutUser.inc" />
		<Unit filename="rpcgen/gnet/GMKickoutUser_Re.inc" />
		<Unit filename="rpcgen/gnet/GMShutup.inc" />
		<Unit filename="rpcgen/gnet/GMShutup_Re.inc" />
		<Unit filename="rpcgen/gnet/GPair.hpp" />
		<Unit filename="rpcgen/gnet/GRoleInventory.hpp" />
		<Unit filename="rpcgen/gnet/Game2AU.inc" />
		<Unit filename="rpcgen/gnet/GameDataTransferByAU.inc" />
		<Unit filename="rpcgen/gnet/GetAddCashSN.inc" />
		<Unit filename="rpcgen/gnet/GetAddCashSN2.inc" />
		<Unit filename="rpcgen/gnet/GetAddCashSN2Arg.hpp" />
		<Unit filename="rpcgen/gnet/GetAddCashSN2Rep.inc" />
		<Unit filename="rpcgen/gnet/GetAddCashSN2Req.inc" />
		<Unit filename="rpcgen/gnet/GetAddCashSN2Res.hpp" />
		<Unit filename="rpcgen/gnet/GetAddCashSNArg.hpp" />
		<Unit filename="rpcgen/gnet/GetAddCashSNRep.inc" />
		<Unit filename="rpcgen/gnet/GetAddCashSNReq.inc" />
		<Unit filename="rpcgen/gnet/GetAddCashSNRes.hpp" />
		<Unit filename="rpcgen/gnet/GetMaxOnlineNum.inc" />
		<Unit filename="rpcgen/gnet/GetMaxOnlineNumArg.hpp" />
		<Unit filename="rpcgen/gnet/GetMaxOnlineNumRes.hpp" />
		<Unit filename="rpcgen/gnet/GetUserCoupon.inc" />
		<Unit filename="rpcgen/gnet/GetUserCouponArg.hpp" />
		<Unit filename="rpcgen/gnet/GetUserCouponRep.inc" />
		<Unit filename="rpcgen/gnet/GetUserCouponReq.inc" />
		<Unit filename="rpcgen/gnet/GetUserCouponRes.hpp" />
		<Unit filename="rpcgen/gnet/GetUserNickName.inc" />
		<Unit filename="rpcgen/gnet/GetUserNickNameArg.hpp" />
		<Unit filename="rpcgen/gnet/GetUserNickNameRep.inc" />
		<Unit filename="rpcgen/gnet/GetUserNickNameReq.inc" />
		<Unit filename="rpcgen/gnet/GetUserNickNameRes.hpp" />
		<Unit filename="rpcgen/gnet/GoodsInfo.hpp" />
		<Unit filename="rpcgen/gnet/InstantAddCash.inc" />
		<Unit filename="rpcgen/gnet/InstantAddCashArg.hpp" />
		<Unit filename="rpcgen/gnet/InstantAddCashRep.inc" />
		<Unit filename="rpcgen/gnet/InstantAddCashReq.inc" />
		<Unit filename="rpcgen/gnet/InstantAddCashRes.hpp" />
		<Unit filename="rpcgen/gnet/KickoutUser.inc" />
		<Unit filename="rpcgen/gnet/MailGoodsInventory.hpp" />
		<Unit filename="rpcgen/gnet/MatrixFailure.inc" />
		<Unit filename="rpcgen/gnet/MatrixPasswd.inc" />
		<Unit filename="rpcgen/gnet/MatrixPasswd2.inc" />
		<Unit filename="rpcgen/gnet/MatrixPasswd2Arg.hpp" />
		<Unit filename="rpcgen/gnet/MatrixPasswd2Res.hpp" />
		<Unit filename="rpcgen/gnet/MatrixPasswdArg.hpp" />
		<Unit filename="rpcgen/gnet/MatrixPasswdRep.inc" />
		<Unit filename="rpcgen/gnet/MatrixPasswdReq.inc" />
		<Unit filename="rpcgen/gnet/MatrixPasswdRes.hpp" />
		<Unit filename="rpcgen/gnet/MatrixResponseRep.inc" />
		<Unit filename="rpcgen/gnet/MatrixResponseReq.inc" />
		<Unit filename="rpcgen/gnet/MerchantDiscount.hpp" />
		<Unit filename="rpcgen/gnet/NetBarAnnounce.inc" />
		<Unit filename="rpcgen/gnet/OnlineAnnounce.inc" />
		<Unit filename="rpcgen/gnet/PassportGetRoleList.inc" />
		<Unit filename="rpcgen/gnet/PassportGetRoleListArg.hpp" />
		<Unit filename="rpcgen/gnet/PassportGetRoleListRep.inc" />
		<Unit filename="rpcgen/gnet/PassportGetRoleListReq.inc" />
		<Unit filename="rpcgen/gnet/PassportGetRoleListRes.hpp" />
		<Unit filename="rpcgen/gnet/QueryUserForbid_Re.inc" />
		<Unit filename="rpcgen/gnet/QueryUserPrivilege3.inc" />
		<Unit filename="rpcgen/gnet/QueryUserPrivilege3_Re.inc" />
		<Unit filename="rpcgen/gnet/QueryUserid2.inc" />
		<Unit filename="rpcgen/gnet/QueryUserid2Arg.hpp" />
		<Unit filename="rpcgen/gnet/QueryUserid2Rep.inc" />
		<Unit filename="rpcgen/gnet/QueryUserid2Req.inc" />
		<Unit filename="rpcgen/gnet/QueryUserid2Res.hpp" />
		<Unit filename="rpcgen/gnet/RoleForbid.hpp" />
		<Unit filename="rpcgen/gnet/RoleSimpleInfo.hpp" />
		<Unit filename="rpcgen/gnet/SSOGetTicketRep.inc" />
		<Unit filename="rpcgen/gnet/SSOGetTicketReq.inc" />
		<Unit filename="rpcgen/gnet/SSOUser.hpp" />
		<Unit filename="rpcgen/gnet/ServerAttr.hpp" />
		<Unit filename="rpcgen/gnet/SetMaxOnlineNum.inc" />
		<Unit filename="rpcgen/gnet/SetMaxOnlineNumArg.hpp" />
		<Unit filename="rpcgen/gnet/SetMaxOnlineNumRes.hpp" />
		<Unit filename="rpcgen/gnet/SetServerAttr.inc" />
		<Unit filename="rpcgen/gnet/SetServerAttrArg.hpp" />
		<Unit filename="rpcgen/gnet/SetServerAttrRes.hpp" />
		<Unit filename="rpcgen/gnet/SetUserNickName.inc" />
		<Unit filename="rpcgen/gnet/SetUserNickNameArg.hpp" />
		<Unit filename="rpcgen/gnet/SetUserNickNameRep.inc" />
		<Unit filename="rpcgen/gnet/SetUserNickNameReq.inc" />
		<Unit filename="rpcgen/gnet/SetUserNickNameRes.hpp" />
		<Unit filename="rpcgen/gnet/StatusAnnounce.inc" />
		<Unit filename="rpcgen/gnet/SysSendMail2.inc" />
		<Unit filename="rpcgen/gnet/SysSendMail2_Re.inc" />
		<Unit filename="rpcgen/gnet/SysSendMail3.inc" />
		<Unit filename="rpcgen/gnet/SysSendMail3_Re.inc" />
		<Unit filename="rpcgen/gnet/SysSendMail4.inc" />
		<Unit filename="rpcgen/gnet/SysSendMail4_Re.inc" />
		<Unit filename="rpcgen/gnet/UserInfoRep.inc" />
		<Unit filename="rpcgen/gnet/UserInfoReq.inc" />
		<Unit filename="rpcgen/gnet/UserLogin.inc" />
		<Unit filename="rpcgen/gnet/UserLogin2.inc" />
		<Unit filename="rpcgen/gnet/UserLogin2Arg.hpp" />
		<Unit filename="rpcgen/gnet/UserLogin2Res.hpp" />
		<Unit filename="rpcgen/gnet/UserLoginArg.hpp" />
		<Unit filename="rpcgen/gnet/UserLoginRep.inc" />
		<Unit filename="rpcgen/gnet/UserLoginReq.inc" />
		<Unit filename="rpcgen/gnet/UserLoginRes.hpp" />
		<Unit filename="rpcgen/gnet/UserLogout.inc" />
		<Unit filename="rpcgen/gnet/UserLogoutArg.hpp" />
		<Unit filename="rpcgen/gnet/UserLogoutRes.hpp" />
		<Unit filename="rpcgen/gnet/VIPAnnounce.inc" />
		<Unit filename="rpcgen/gnet/VerifyMaster2.inc" />
		<Unit filename="rpcgen/gnet/VerifyMaster2_Re.inc" />
		<Unit filename="rpcgen/gnet/_depends_AU2Game_.hpp" />
		<Unit filename="rpcgen/gnet/_depends_AddCash_.hpp" />
		<Unit filename="rpcgen/gnet/_depends_AddCash_Re_.hpp" />
		<Unit filename="rpcgen/gnet/_depends_AddictionControlRep_.hpp" />
		<Unit filename="rpcgen/gnet/_depends_AddictionControl_.hpp" />
		<Unit filename="rpcgen/gnet/_depends_AnnounceForbidInfo_.hpp" />
		<Unit filename="rpcgen/gnet/_depends_AnnounceServerAttribute_.hpp" />
		<Unit filename="rpcgen/gnet/_depends_AnnounceZoneid2_.hpp" />
		<Unit filename="rpcgen/gnet/_depends_AnnounceZoneid3_.hpp" />
		<Unit filename="rpcgen/gnet/_depends_AuGameKeepAlive_.hpp" />
		<Unit filename="rpcgen/gnet/_depends_AuthdVersion_.hpp" />
		<Unit filename="rpcgen/gnet/_depends_CertAnswer_.hpp" />
		<Unit filename="rpcgen/gnet/_depends_CertFinish_.hpp" />
		<Unit filename="rpcgen/gnet/_depends_CertKey_.hpp" />
		<Unit filename="rpcgen/gnet/_depends_CertRequest_.hpp" />
		<Unit filename="rpcgen/gnet/_depends_CertVerify_.hpp" />
		<Unit filename="rpcgen/gnet/_depends_CouponExchangeRep_.hpp" />
		<Unit filename="rpcgen/gnet/_depends_CouponExchangeReq_.hpp" />
		<Unit filename="rpcgen/gnet/_depends_CouponExchange_.hpp" />
		<Unit filename="rpcgen/gnet/_depends_DeliverAnnounceToLink_.hpp" />
		<Unit filename="rpcgen/gnet/_depends_DiscountAnnounce_.hpp" />
		<Unit filename="rpcgen/gnet/_depends_ErrorInfoRep_.hpp" />
		<Unit filename="rpcgen/gnet/_depends_ForceLoginRep_.hpp" />
		<Unit filename="rpcgen/gnet/_depends_ForceLoginReq_.hpp" />
		<Unit filename="rpcgen/gnet/_depends_GMKickoutUser_.hpp" />
		<Unit filename="rpcgen/gnet/_depends_GMKickoutUser_Re_.hpp" />
		<Unit filename="rpcgen/gnet/_depends_GMShutup_.hpp" />
		<Unit filename="rpcgen/gnet/_depends_GMShutup_Re_.hpp" />
		<Unit filename="rpcgen/gnet/_depends_Game2AU_.hpp" />
		<Unit filename="rpcgen/gnet/_depends_GameDataTransferByAU_.hpp" />
		<Unit filename="rpcgen/gnet/_depends_GetAddCashSN2Rep_.hpp" />
		<Unit filename="rpcgen/gnet/_depends_GetAddCashSN2Req_.hpp" />
		<Unit filename="rpcgen/gnet/_depends_GetAddCashSN2_.hpp" />
		<Unit filename="rpcgen/gnet/_depends_GetAddCashSNRep_.hpp" />
		<Unit filename="rpcgen/gnet/_depends_GetAddCashSNReq_.hpp" />
		<Unit filename="rpcgen/gnet/_depends_GetAddCashSN_.hpp" />
		<Unit filename="rpcgen/gnet/_depends_GetMaxOnlineNum_.hpp" />
		<Unit filename="rpcgen/gnet/_depends_GetUserCouponRep_.hpp" />
		<Unit filename="rpcgen/gnet/_depends_GetUserCouponReq_.hpp" />
		<Unit filename="rpcgen/gnet/_depends_GetUserCoupon_.hpp" />
		<Unit filename="rpcgen/gnet/_depends_GetUserNickNameRep_.hpp" />
		<Unit filename="rpcgen/gnet/_depends_GetUserNickNameReq_.hpp" />
		<Unit filename="rpcgen/gnet/_depends_GetUserNickName_.hpp" />
		<Unit filename="rpcgen/gnet/_depends_InstantAddCashRep_.hpp" />
		<Unit filename="rpcgen/gnet/_depends_InstantAddCashReq_.hpp" />
		<Unit filename="rpcgen/gnet/_depends_InstantAddCash_.hpp" />
		<Unit filename="rpcgen/gnet/_depends_KickoutUser_.hpp" />
		<Unit filename="rpcgen/gnet/_depends_MatrixFailure_.hpp" />
		<Unit filename="rpcgen/gnet/_depends_MatrixPasswd2_.hpp" />
		<Unit filename="rpcgen/gnet/_depends_MatrixPasswdRep_.hpp" />
		<Unit filename="rpcgen/gnet/_depends_MatrixPasswdReq_.hpp" />
		<Unit filename="rpcgen/gnet/_depends_MatrixPasswd_.hpp" />
		<Unit filename="rpcgen/gnet/_depends_MatrixResponseRep_.hpp" />
		<Unit filename="rpcgen/gnet/_depends_MatrixResponseReq_.hpp" />
		<Unit filename="rpcgen/gnet/_depends_NetBarAnnounce_.hpp" />
		<Unit filename="rpcgen/gnet/_depends_OnlineAnnounce_.hpp" />
		<Unit filename="rpcgen/gnet/_depends_PassportGetRoleListRep_.hpp" />
		<Unit filename="rpcgen/gnet/_depends_PassportGetRoleListReq_.hpp" />
		<Unit filename="rpcgen/gnet/_depends_PassportGetRoleList_.hpp" />
		<Unit filename="rpcgen/gnet/_depends_QueryUserForbid_Re_.hpp" />
		<Unit filename="rpcgen/gnet/_depends_QueryUserPrivilege3_.hpp" />
		<Unit filename="rpcgen/gnet/_depends_QueryUserPrivilege3_Re_.hpp" />
		<Unit filename="rpcgen/gnet/_depends_QueryUserid2Rep_.hpp" />
		<Unit filename="rpcgen/gnet/_depends_QueryUserid2Req_.hpp" />
		<Unit filename="rpcgen/gnet/_depends_QueryUserid2_.hpp" />
		<Unit filename="rpcgen/gnet/_depends_SSOGetTicketRep_.hpp" />
		<Unit filename="rpcgen/gnet/_depends_SSOGetTicketReq_.hpp" />
		<Unit filename="rpcgen/gnet/_depends_SetMaxOnlineNum_.hpp" />
		<Unit filename="rpcgen/gnet/_depends_SetServerAttr_.hpp" />
		<Unit filename="rpcgen/gnet/_depends_SetUserNickNameRep_.hpp" />
		<Unit filename="rpcgen/gnet/_depends_SetUserNickNameReq_.hpp" />
		<Unit filename="rpcgen/gnet/_depends_SetUserNickName_.hpp" />
		<Unit filename="rpcgen/gnet/_depends_StatusAnnounce_.hpp" />
		<Unit filename="rpcgen/gnet/_depends_SysSendMail2_.hpp" />
		<Unit filename="rpcgen/gnet/_depends_SysSendMail2_Re_.hpp" />
		<Unit filename="rpcgen/gnet/_depends_SysSendMail3_.hpp" />
		<Unit filename="rpcgen/gnet/_depends_SysSendMail3_Re_.hpp" />
		<Unit filename="rpcgen/gnet/_depends_SysSendMail4_.hpp" />
		<Unit filename="rpcgen/gnet/_depends_SysSendMail4_Re_.hpp" />
		<Unit filename="rpcgen/gnet/_depends_UserInfoRep_.hpp" />
		<Unit filename="rpcgen/gnet/_depends_UserInfoReq_.hpp" />
		<Unit filename="rpcgen/gnet/_depends_UserLogin2_.hpp" />
		<Unit filename="rpcgen/gnet/_depends_UserLoginRep_.hpp" />
		<Unit filename="rpcgen/gnet/_depends_UserLoginReq_.hpp" />
		<Unit filename="rpcgen/gnet/_depends_UserLogin_.hpp" />
		<Unit filename="rpcgen/gnet/_depends_UserLogout_.hpp" />
		<Unit filename="rpcgen/gnet/_depends_VIPAnnounce_.hpp" />
		<Unit filename="rpcgen/gnet/_depends_VerifyMaster2_.hpp" />
		<Unit filename="rpcgen/gnet/_depends_VerifyMaster2_Re_.hpp" />
		<Unit filename="rpcgen/gnet/_protocols_.hpp" />
		<Unit filename="rpcgen/openau/AuAnyLogin.inc" />
		<Unit filename="rpcgen/openau/AuAnyLoginArg.hpp" />
		<Unit filename="rpcgen/openau/AuAnyLoginRes.hpp" />
		<Unit filename="rpcgen/openau/AuAnyPlatTypes.hpp" />
		<Unit filename="rpcgen/openau/DataBetweenAuAnyAndClient.inc" />
		<Unit filename="rpcgen/openau/DataBetweenAuAnyAndGS.inc" />
		<Unit filename="rpcgen/openau/ErrorCodes.hpp" />
		<Unit filename="rpcgen/openau/QueryOrderRequest.inc" />
		<Unit filename="rpcgen/openau/QueryOrderResponse.inc" />
		<Unit filename="rpcgen/openau/RegistGameServerRequest.inc" />
		<Unit filename="rpcgen/openau/RegistGameServerResponse.inc" />
		<Unit filename="rpcgen/openau/ServerIDResponse.inc" />
		<Unit filename="rpcgen/openau/_depends_AuAnyLogin_.hpp" />
		<Unit filename="rpcgen/openau/_depends_DataBetweenAuAnyAndClient_.hpp" />
		<Unit filename="rpcgen/openau/_depends_DataBetweenAuAnyAndGS_.hpp" />
		<Unit filename="rpcgen/openau/_depends_QueryOrderRequest_.hpp" />
		<Unit filename="rpcgen/openau/_depends_QueryOrderResponse_.hpp" />
		<Unit filename="rpcgen/openau/_depends_RegistGameServerRequest_.hpp" />
		<Unit filename="rpcgen/openau/_depends_RegistGameServerResponse_.hpp" />
		<Unit filename="rpcgen/openau/_depends_ServerIDResponse_.hpp" />
		<Unit filename="rpcgen/openau/_protocols_.hpp" />
		<Unit filename="rpcgen/sns/AnnounceResp.inc" />
		<Unit filename="rpcgen/sns/AnnounceZoneidToIM.inc" />
		<Unit filename="rpcgen/sns/FactionForbidUpdate.inc" />
		<Unit filename="rpcgen/sns/FactionIDBean.hpp" />
		<Unit filename="rpcgen/sns/FactionInfoBean.hpp" />
		<Unit filename="rpcgen/sns/FactionInfoReq.inc" />
		<Unit filename="rpcgen/sns/FactionInfoResp.inc" />
		<Unit filename="rpcgen/sns/FactionInfoUpdate.inc" />
		<Unit filename="rpcgen/sns/FactionMemberUpdate.inc" />
		<Unit filename="rpcgen/sns/FactionMsg.inc" />
		<Unit filename="rpcgen/sns/FactionTitleBean.hpp" />
		<Unit filename="rpcgen/sns/GameDataReq.inc" />
		<Unit filename="rpcgen/sns/GameDataResp.inc" />
		<Unit filename="rpcgen/sns/GameSysMsg.inc" />
		<Unit filename="rpcgen/sns/IMKeepAlive.inc" />
		<Unit filename="rpcgen/sns/RemoveFaction.inc" />
		<Unit filename="rpcgen/sns/RemoveRole.inc" />
		<Unit filename="rpcgen/sns/RoleActivation.inc" />
		<Unit filename="rpcgen/sns/RoleBean.hpp" />
		<Unit filename="rpcgen/sns/RoleBlacklistUpdate.inc" />
		<Unit filename="rpcgen/sns/RoleDetailBean.hpp" />
		<Unit filename="rpcgen/sns/RoleForbidBean.hpp" />
		<Unit filename="rpcgen/sns/RoleForbidUpdate.inc" />
		<Unit filename="rpcgen/sns/RoleFriendUpdate.inc" />
		<Unit filename="rpcgen/sns/RoleGroupBean.hpp" />
		<Unit filename="rpcgen/sns/RoleGroupUpdate.inc" />
		<Unit filename="rpcgen/sns/RoleInfoBean.hpp" />
		<Unit filename="rpcgen/sns/RoleInfoReq.inc" />
		<Unit filename="rpcgen/sns/RoleInfoResp.inc" />
		<Unit filename="rpcgen/sns/RoleInfoUpdate.inc" />
		<Unit filename="rpcgen/sns/RoleListReq.inc" />
		<Unit filename="rpcgen/sns/RoleListResp.inc" />
		<Unit filename="rpcgen/sns/RoleMsg.inc" />
		<Unit filename="rpcgen/sns/RoleMsgBean.hpp" />
		<Unit filename="rpcgen/sns/RoleOfflineMessages.inc" />
		<Unit filename="rpcgen/sns/RoleRelationReq.inc" />
		<Unit filename="rpcgen/sns/RoleRelationResp.inc" />
		<Unit filename="rpcgen/sns/RoleStatusBean.hpp" />
		<Unit filename="rpcgen/sns/RoleStatusReq.inc" />
		<Unit filename="rpcgen/sns/RoleStatusResp.inc" />
		<Unit filename="rpcgen/sns/RoleStatusUpdate.inc" />
		<Unit filename="rpcgen/sns/_depends_AnnounceResp_.hpp" />
		<Unit filename="rpcgen/sns/_depends_AnnounceZoneidToIM_.hpp" />
		<Unit filename="rpcgen/sns/_depends_FactionForbidUpdate_.hpp" />
		<Unit filename="rpcgen/sns/_depends_FactionInfoReq_.hpp" />
		<Unit filename="rpcgen/sns/_depends_FactionInfoResp_.hpp" />
		<Unit filename="rpcgen/sns/_depends_FactionInfoUpdate_.hpp" />
		<Unit filename="rpcgen/sns/_depends_FactionMemberUpdate_.hpp" />
		<Unit filename="rpcgen/sns/_depends_FactionMsg_.hpp" />
		<Unit filename="rpcgen/sns/_depends_GameDataReq_.hpp" />
		<Unit filename="rpcgen/sns/_depends_GameDataResp_.hpp" />
		<Unit filename="rpcgen/sns/_depends_GameSysMsg_.hpp" />
		<Unit filename="rpcgen/sns/_depends_IMKeepAlive_.hpp" />
		<Unit filename="rpcgen/sns/_depends_RemoveFaction_.hpp" />
		<Unit filename="rpcgen/sns/_depends_RemoveRole_.hpp" />
		<Unit filename="rpcgen/sns/_depends_RoleActivation_.hpp" />
		<Unit filename="rpcgen/sns/_depends_RoleBlacklistUpdate_.hpp" />
		<Unit filename="rpcgen/sns/_depends_RoleForbidUpdate_.hpp" />
		<Unit filename="rpcgen/sns/_depends_RoleFriendUpdate_.hpp" />
		<Unit filename="rpcgen/sns/_depends_RoleGroupUpdate_.hpp" />
		<Unit filename="rpcgen/sns/_depends_RoleInfoReq_.hpp" />
		<Unit filename="rpcgen/sns/_depends_RoleInfoResp_.hpp" />
		<Unit filename="rpcgen/sns/_depends_RoleInfoUpdate_.hpp" />
		<Unit filename="rpcgen/sns/_depends_RoleListReq_.hpp" />
		<Unit filename="rpcgen/sns/_depends_RoleListResp_.hpp" />
		<Unit filename="rpcgen/sns/_depends_RoleMsg_.hpp" />
		<Unit filename="rpcgen/sns/_depends_RoleOfflineMessages_.hpp" />
		<Unit filename="rpcgen/sns/_depends_RoleRelationReq_.hpp" />
		<Unit filename="rpcgen/sns/_depends_RoleRelationResp_.hpp" />
		<Unit filename="rpcgen/sns/_depends_RoleStatusReq_.hpp" />
		<Unit filename="rpcgen/sns/_depends_RoleStatusResp_.hpp" />
		<Unit filename="rpcgen/sns/_depends_RoleStatusUpdate_.hpp" />
		<Unit filename="rpcgen/sns/_protocols_.hpp" />
		<Unit filename="rpcgen/xunbao/GamePostCancel.inc" />
		<Unit filename="rpcgen/xunbao/GamePostCancel_Re.inc" />
		<Unit filename="rpcgen/xunbao/NewKeepAlive.inc" />
		<Unit filename="rpcgen/xunbao/Post.inc" />
		<Unit filename="rpcgen/xunbao/PostExpire.inc" />
		<Unit filename="rpcgen/xunbao/PostExpire_Re.inc" />
		<Unit filename="rpcgen/xunbao/PostInfo.hpp" />
		<Unit filename="rpcgen/xunbao/Post_Re.inc" />
		<Unit filename="rpcgen/xunbao/Role.hpp" />
		<Unit filename="rpcgen/xunbao/Shelf.inc" />
		<Unit filename="rpcgen/xunbao/ShelfCancel.inc" />
		<Unit filename="rpcgen/xunbao/ShelfCancel_Re.inc" />
		<Unit filename="rpcgen/xunbao/Shelf_Re.inc" />
		<Unit filename="rpcgen/xunbao/Sold.inc" />
		<Unit filename="rpcgen/xunbao/Sold_Re.inc" />
		<Unit filename="rpcgen/xunbao/TimeInfo.hpp" />
		<Unit filename="rpcgen/xunbao/Trader.hpp" />
		<Unit filename="rpcgen/xunbao/WebGetRoleList.inc" />
		<Unit filename="rpcgen/xunbao/WebGetRoleList_Re.inc" />
		<Unit filename="rpcgen/xunbao/WebPostCancel.inc" />
		<Unit filename="rpcgen/xunbao/WebPostCancel_Re.inc" />
		<Unit filename="rpcgen/xunbao/_depends_GamePostCancel_.hpp" />
		<Unit filename="rpcgen/xunbao/_depends_GamePostCancel_Re_.hpp" />
		<Unit filename="rpcgen/xunbao/_depends_NewKeepAlive_.hpp" />
		<Unit filename="rpcgen/xunbao/_depends_PostExpire_.hpp" />
		<Unit filename="rpcgen/xunbao/_depends_PostExpire_Re_.hpp" />
		<Unit filename="rpcgen/xunbao/_depends_Post_.hpp" />
		<Unit filename="rpcgen/xunbao/_depends_Post_Re_.hpp" />
		<Unit filename="rpcgen/xunbao/_depends_ShelfCancel_.hpp" />
		<Unit filename="rpcgen/xunbao/_depends_ShelfCancel_Re_.hpp" />
		<Unit filename="rpcgen/xunbao/_depends_Shelf_.hpp" />
		<Unit filename="rpcgen/xunbao/_depends_Shelf_Re_.hpp" />
		<Unit filename="rpcgen/xunbao/_depends_Sold_.hpp" />
		<Unit filename="rpcgen/xunbao/_depends_Sold_Re_.hpp" />
		<Unit filename="rpcgen/xunbao/_depends_WebGetRoleList_.hpp" />
		<Unit filename="rpcgen/xunbao/_depends_WebGetRoleList_Re_.hpp" />
		<Unit filename="rpcgen/xunbao/_depends_WebPostCancel_.hpp" />
		<Unit filename="rpcgen/xunbao/_depends_WebPostCancel_Re_.hpp" />
		<Unit filename="rpcgen/xunbao/_protocols_.hpp" />
		<Unit filename="serverattr.h" />
		<Unit filename="sns/AnnounceResp.hpp" />
		<Unit filename="sns/AnnounceZoneidToIM.hpp" />
		<Unit filename="sns/FactionForbidUpdate.hpp" />
		<Unit filename="sns/FactionInfoReq.hpp" />
		<Unit filename="sns/FactionInfoResp.hpp" />
		<Unit filename="sns/FactionInfoUpdate.hpp" />
		<Unit filename="sns/FactionMemberUpdate.hpp" />
		<Unit filename="sns/FactionMsg.hpp" />
		<Unit filename="sns/GameDataReq.hpp" />
		<Unit filename="sns/GameDataResp.hpp" />
		<Unit filename="sns/GameSysMsg.hpp" />
		<Unit filename="sns/IMKeepAlive.hpp" />
		<Unit filename="sns/RemoveFaction.hpp" />
		<Unit filename="sns/RemoveRole.hpp" />
		<Unit filename="sns/RoleActivation.hpp" />
		<Unit filename="sns/RoleBlacklistUpdate.hpp" />
		<Unit filename="sns/RoleForbidUpdate.hpp" />
		<Unit filename="sns/RoleFriendUpdate.hpp" />
		<Unit filename="sns/RoleGroupUpdate.hpp" />
		<Unit filename="sns/RoleInfoReq.hpp" />
		<Unit filename="sns/RoleInfoResp.hpp" />
		<Unit filename="sns/RoleInfoUpdate.hpp" />
		<Unit filename="sns/RoleListReq.hpp" />
		<Unit filename="sns/RoleListResp.hpp" />
		<Unit filename="sns/RoleMsg.hpp" />
		<Unit filename="sns/RoleOfflineMessages.hpp" />
		<Unit filename="sns/RoleRelationReq.hpp" />
		<Unit filename="sns/RoleRelationResp.hpp" />
		<Unit filename="sns/RoleStatusReq.hpp" />
		<Unit filename="sns/RoleStatusResp.hpp" />
		<Unit filename="sns/RoleStatusUpdate.hpp" />
		<Unit filename="speedlimit.h" />
		<Unit filename="usbkey.h" />
		<Unit filename="xunbao/GamePostCancel.hpp" />
		<Unit filename="xunbao/GamePostCancel_Re.hpp" />
		<Unit filename="xunbao/NewKeepAlive.hpp" />
		<Unit filename="xunbao/Post.hpp" />
		<Unit filename="xunbao/PostExpire.hpp" />
		<Unit filename="xunbao/PostExpire_Re.hpp" />
		<Unit filename="xunbao/Post_Re.hpp" />
		<Unit filename="xunbao/Shelf.hpp" />
		<Unit filename="xunbao/ShelfCancel.hpp" />
		<Unit filename="xunbao/ShelfCancel_Re.hpp" />
		<Unit filename="xunbao/Shelf_Re.hpp" />
		<Unit filename="xunbao/Sold.hpp" />
		<Unit filename="xunbao/Sold_Re.hpp" />
		<Unit filename="xunbao/WebGetRoleList.hpp" />
		<Unit filename="xunbao/WebGetRoleList_Re.hpp" />
		<Unit filename="xunbao/WebPostCancel.hpp" />
		<Unit filename="xunbao/WebPostCancel_Re.hpp" />
		<Extensions>
			<code_completion>
				<search_path add="/root/workspace/svnfold/enginetools/snail/gnet/gdeliverd" />
				<search_path add="/root/workspace/svnfold/enginetools/share/io" />
				<search_path add="/root/workspace/svnfold/enginetools/share" />
				<search_path add="/root/workspace/svnfold/enginetools/snail" />
				<search_path add="/root/workspace/svnfold/enginetools/snail/gnet" />
			</code_completion>
			<envvars />
			<debugger>
				<search_path add="/root/workspace/svnfold/enginetools/snail/gnet/gdeliverd/" />
				<search_path add="/root/workspace/svnfold/enginetools/share/io" />
				<search_path add="/root/workspace/svnfold/enginetools/snail/gnet" />
				<search_path add="/root/workspace/svnfold/enginetools/snail" />
				<search_path add="/root/workspace/svnfold/enginetools/share" />
			</debugger>
			<lib_finder disable_auto="1" />
		</Extensions>
	</Project>
</CodeBlocks_project_file>
